
Microsoft Visual Studio Solution File, Format Version 12.00
# Visual Studio Version 16
VisualStudioVersion = 16.0.30611.23
MinimumVisualStudioVersion = 10.0.40219.1
Project("{8BC9CEB8-8B4A-11D0-8D11-00A0C91BC942}") = "PtpDrvSvc", "PtpDrvSvc.vcxproj", "{CB8730DE-EBF1-4D6E-AFE2-35AA0924F82A}"
EndProject
Global
	GlobalSection(SolutionConfigurationPlatforms) = preSolution
		Debug|x64 = Debug|x64
		Debug|x86 = Debug|x86
		Release|x64 = Release|x64
		Release|x86 = Release|x86
	EndGlobalSection
	GlobalSection(ProjectConfigurationPlatforms) = postSolution
		{CB8730DE-EBF1-4D6E-AFE2-35AA0924F82A}.Debug|x64.ActiveCfg = Debug|x64
		{CB8730DE-EBF1-4D6E-AFE2-35AA0924F82A}.Debug|x64.Build.0 = Debug|x64
		{CB8730DE-EBF1-4D6E-AFE2-35AA0924F82A}.Debug|x86.ActiveCfg = Debug|Win32
		{CB8730DE-EBF1-4D6E-AFE2-35AA0924F82A}.Debug|x86.Build.0 = Debug|Win32
		{CB8730DE-EBF1-4D6E-AFE2-35AA0924F82A}.Release|x64.ActiveCfg = Release|x64
		{CB8730DE-EBF1-4D6E-AFE2-35AA0924F82A}.Release|x64.Build.0 = Release|x64
		{CB8730DE-EBF1-4D6E-AFE2-35AA0924F82A}.Release|x86.ActiveCfg = Release|Win32
		{CB8730DE-EBF1-4D6E-AFE2-35AA0924F82A}.Release|x86.Build.0 = Release|Win32
	EndGlobalSection
	GlobalSection(SolutionProperties) = preSolution
		HideSolutionNode = FALSE
	EndGlobalSection
	GlobalSection(ExtensibilityGlobals) = postSolution
		SolutionGuid = {657ADEAB-C69B-404F-B050-42BE5E4D28B9}
	EndGlobalSection
EndGlobal
